// !$*UTF8*$!
{
	archiveVersion = 1;
	classes = {
	};
	objectVersion = 77;
	objects = {

/* Begin PBXContainerItemProxy section */
		2F48814F2ECD31780032F7E0 /* PBXContainerItemProxy */ = {
			isa = PBXContainerItemProxy;
			containerPortal = 2F4881392ECD31770032F7E0 /* Project object */;
			proxyType = 1;
			remoteGlobalIDString = 2F4881402ECD31770032F7E0;
			remoteInfo = mels;
		};
		2F4881592ECD31780032F7E0 /* PBXContainerItemProxy */ = {
			isa = PBXContainerItemProxy;
			containerPortal = 2F4881392ECD31770032F7E0 /* Project object */;
			proxyType = 1;
			remoteGlobalIDString = 2F4881402ECD31770032F7E0;
			remoteInfo = mels;
		};
/* End PBXContainerItemProxy section */

/* Begin PBXFileReference section */
		2F4881412ECD31770032F7E0 /* mels.app */ = {isa = PBXFileReference; explicitFileType = wrapper.application; includeInIndex = 0; path = mels.app; sourceTree = BUILT_PRODUCTS_DIR; };
		2F48814E2ECD31780032F7E0 /* melsTests.xctest */ = {isa = PBXFileReference; explicitFileType = wrapper.cfbundle; includeInIndex = 0; path = melsTests.xctest; sourceTree = BUILT_PRODUCTS_DIR; };
		2F4881582ECD31780032F7E0 /* melsUITests.xctest */ = {isa = PBXFileReference; explicitFileType = wrapper.cfbundle; includeInIndex = 0; path = melsUITests.xctest; sourceTree = BUILT_PRODUCTS_DIR; };
/* End PBXFileReference section */

/* Begin PBXFileSystemSynchronizedRootGroup section */
		2F4881432ECD31770032F7E0 /* mels */ = {
			isa = PBXFileSystemSynchronizedRootGroup;
			path = mels;
			sourceTree = "<group>";
		};
		2F4881512ECD31780032F7E0 /* melsTests */ = {
			isa = PBXFileSystemSynchronizedRootGroup;
			path = melsTests;
			sourceTree = "<group>";
		};
		2F48815B2ECD31780032F7E0 /* melsUITests */ = {
			isa = PBXFileSystemSynchronizedRootGroup;
			path = melsUITests;
			sourceTree = "<group>";
		};
/* End PBXFileSystemSynchronizedRootGroup section */

/* Begin PBXFrameworksBuildPhase section */
		2F48813E2ECD31770032F7E0 /* Frameworks */ = {
			isa = PBXFrameworksBuildPhase;
			buildActionMask = 2147483647;
			files = (
			);
			runOnlyForDeploymentPostprocessing = 0;
		};
		2F48814B2ECD31780032F7E0 /* Frameworks */ = {
			isa = PBXFrameworksBuildPhase;
			buildActionMask = 2147483647;
			files = (
			);
			runOnlyForDeploymentPostprocessing = 0;
		};
		2F4881552ECD31780032F7E0 /* Frameworks */ = {
			isa = PBXFrameworksBuildPhase;
			buildActionMask = 2147483647;
			files = (
			);
			runOnlyForDeploymentPostprocessing = 0;
		};
/* End PBXFrameworksBuildPhase section */

/* Begin PBXGroup section */
		2F4881382ECD31770032F7E0 = {
			isa = PBXGroup;
			children = (
				2F4881432ECD31770032F7E0 /* mels */,
				2F4881512ECD31780032F7E0 /* melsTests */,
				2F48815B2ECD31780032F7E0 /* melsUITests */,
				2F4881422ECD31770032F7E0 /* Products */,
			);
			sourceTree = "<group>";
		};
		2F4881422ECD31770032F7E0 /* Products */ = {
			isa = PBXGroup;
			children = (
				2F4881412ECD31770032F7E0 /* mels.app */,
				2F48814E2ECD31780032F7E0 /* melsTests.xctest */,
				2F4881582ECD31780032F7E0 /* melsUITests.xctest */,
			);
			name = Products;
			sourceTree = "<group>";
		};
/* End PBXGroup section */

/* Begin PBXNativeTarget section */
		2F4881402ECD31770032F7E0 /* mels */ = {
			isa = PBXNativeTarget;
			buildConfigurationList = 2F4881622ECD31780032F7E0 /* Build configuration list for PBXNativeTarget "mels" */;
			buildPhases = (
				2F48813D2ECD31770032F7E0 /* Sources */,
				2F48813E2ECD31770032F7E0 /* Frameworks */,
				2F48813F2ECD31770032F7E0 /* Resources */,
				2F4881AA2ECD31770032F7E0 /* Copy ONNX Runtime */,
			);
			buildRules = (
			);
			dependencies = (
			);
			fileSystemSynchronizedGroups = (
				2F4881432ECD31770032F7E0 /* mels */,
			);
			name = mels;
			packageProductDependencies = (
			);
			productName = mels;
			productReference = 2F4881412ECD31770032F7E0 /* mels.app */;
			productType = "com.apple.product-type.application";
		};
		2F48814D2ECD31780032F7E0 /* melsTests */ = {
			isa = PBXNativeTarget;
			buildConfigurationList = 2F4881652ECD31780032F7E0 /* Build configuration list for PBXNativeTarget "melsTests" */;
			buildPhases = (
				2F48814A2ECD31780032F7E0 /* Sources */,
				2F48814B2ECD31780032F7E0 /* Frameworks */,
				2F48814C2ECD31780032F7E0 /* Resources */,
			);
			buildRules = (
			);
			dependencies = (
				2F4881502ECD31780032F7E0 /* PBXTargetDependency */,
			);
			fileSystemSynchronizedGroups = (
				2F4881512ECD31780032F7E0 /* melsTests */,
			);
			name = melsTests;
			packageProductDependencies = (
			);
			productName = melsTests;
			productReference = 2F48814E2ECD31780032F7E0 /* melsTests.xctest */;
			productType = "com.apple.product-type.bundle.unit-test";
		};
		2F4881572ECD31780032F7E0 /* melsUITests */ = {
			isa = PBXNativeTarget;
			buildConfigurationList = 2F4881682ECD31780032F7E0 /* Build configuration list for PBXNativeTarget "melsUITests" */;
			buildPhases = (
				2F4881542ECD31780032F7E0 /* Sources */,
				2F4881552ECD31780032F7E0 /* Frameworks */,
				2F4881562ECD31780032F7E0 /* Resources */,
			);
			buildRules = (
			);
			dependencies = (
				2F48815A2ECD31780032F7E0 /* PBXTargetDependency */,
			);
			fileSystemSynchronizedGroups = (
				2F48815B2ECD31780032F7E0 /* melsUITests */,
			);
			name = melsUITests;
			packageProductDependencies = (
			);
			productName = melsUITests;
			productReference = 2F4881582ECD31780032F7E0 /* melsUITests.xctest */;
			productType = "com.apple.product-type.bundle.ui-testing";
		};
/* End PBXNativeTarget section */

/* Begin PBXProject section */
		2F4881392ECD31770032F7E0 /* Project object */ = {
			isa = PBXProject;
			attributes = {
				BuildIndependentTargetsInParallel = 1;
				LastSwiftUpdateCheck = 2610;
				LastUpgradeCheck = 2610;
				TargetAttributes = {
					2F4881402ECD31770032F7E0 = {
						CreatedOnToolsVersion = 26.1.1;
					};
					2F48814D2ECD31780032F7E0 = {
						CreatedOnToolsVersion = 26.1.1;
						TestTargetID = 2F4881402ECD31770032F7E0;
					};
					2F4881572ECD31780032F7E0 = {
						CreatedOnToolsVersion = 26.1.1;
						TestTargetID = 2F4881402ECD31770032F7E0;
					};
				};
			};
			buildConfigurationList = 2F48813C2ECD31770032F7E0 /* Build configuration list for PBXProject "mels" */;
			developmentRegion = en;
			hasScannedForEncodings = 0;
			knownRegions = (
				en,
				Base,
			);
			mainGroup = 2F4881382ECD31770032F7E0;
			minimizedProjectReferenceProxies = 1;
			preferredProjectObjectVersion = 77;
			productRefGroup = 2F4881422ECD31770032F7E0 /* Products */;
			projectDirPath = "";
			projectRoot = "";
			targets = (
				2F4881402ECD31770032F7E0 /* mels */,
				2F48814D2ECD31780032F7E0 /* melsTests */,
				2F4881572ECD31780032F7E0 /* melsUITests */,
			);
		};
/* End PBXProject section */

/* Begin PBXResourcesBuildPhase section */
		2F48813F2ECD31770032F7E0 /* Resources */ = {
			isa = PBXResourcesBuildPhase;
			buildActionMask = 2147483647;
			files = (
			);
			runOnlyForDeploymentPostprocessing = 0;
		};
		2F48814C2ECD31780032F7E0 /* Resources */ = {
			isa = PBXResourcesBuildPhase;
			buildActionMask = 2147483647;
			files = (
			);
			runOnlyForDeploymentPostprocessing = 0;
		};
		2F4881562ECD31780032F7E0 /* Resources */ = {
			isa = PBXResourcesBuildPhase;
			buildActionMask = 2147483647;
			files = (
			);
			runOnlyForDeploymentPostprocessing = 0;
		};
/* End PBXResourcesBuildPhase section */

/* Begin PBXShellScriptBuildPhase section */
		2F4881AA2ECD31770032F7E0 /* Copy ONNX Runtime */ = {
			isa = PBXShellScriptBuildPhase;
			buildActionMask = 2147483647;
			files = (
			);
			inputPaths = (
			);
			name = "Copy ONNX Runtime";
			outputPaths = (
			);
			runOnlyForDeploymentPostprocessing = 0;
			shellPath = /bin/sh;
			shellScript = "# Copy ONNX Runtime library to app bundle\nset -e\nmkdir -p \"${BUILT_PRODUCTS_DIR}/${PRODUCT_NAME}.app/Contents/Frameworks\"\ncp -f \"${PROJECT_DIR}/onnxruntime-osx-universal2-1.16.3/lib/libonnxruntime.1.16.3.dylib\" \"${BUILT_PRODUCTS_DIR}/${PRODUCT_NAME}.app/Contents/Frameworks/\"\ninstall_name_tool -id \"@rpath/libonnxruntime.1.16.3.dylib\" \"${BUILT_PRODUCTS_DIR}/${PRODUCT_NAME}.app/Contents/Frameworks/libonnxruntime.1.16.3.dylib\"\necho \"✓ Copied and fixed ONNX Runtime library\"\n";
		};
/* End PBXShellScriptBuildPhase section */

/* Begin PBXSourcesBuildPhase section */
		2F48813D2ECD31770032F7E0 /* Sources */ = {
			isa = PBXSourcesBuildPhase;
			buildActionMask = 2147483647;
			files = (
			);
			runOnlyForDeploymentPostprocessing = 0;
		};
		2F48814A2ECD31780032F7E0 /* Sources */ = {
			isa = PBXSourcesBuildPhase;
			buildActionMask = 2147483647;
			files = (
			);
			runOnlyForDeploymentPostprocessing = 0;
		};
		2F4881542ECD31780032F7E0 /* Sources */ = {
			isa = PBXSourcesBuildPhase;
			buildActionMask = 2147483647;
			files = (
			);
			runOnlyForDeploymentPostprocessing = 0;
		};
/* End PBXSourcesBuildPhase section */

/* Begin PBXTargetDependency section */
		2F4881502ECD31780032F7E0 /* PBXTargetDependency */ = {
			isa = PBXTargetDependency;
			target = 2F4881402ECD31770032F7E0 /* mels */;
			targetProxy = 2F48814F2ECD31780032F7E0 /* PBXContainerItemProxy */;
		};
		2F48815A2ECD31780032F7E0 /* PBXTargetDependency */ = {
			isa = PBXTargetDependency;
			target = 2F4881402ECD31770032F7E0 /* mels */;
			targetProxy = 2F4881592ECD31780032F7E0 /* PBXContainerItemProxy */;
		};
/* End PBXTargetDependency section */

/* Begin XCBuildConfiguration section */
		2F4881602ECD31780032F7E0 /* Debug */ = {
			isa = XCBuildConfiguration;
			buildSettings = {
				ALWAYS_SEARCH_USER_PATHS = NO;
				ASSETCATALOG_COMPILER_GENERATE_SWIFT_ASSET_SYMBOL_EXTENSIONS = YES;
				CLANG_ANALYZER_NONNULL = YES;
				CLANG_ANALYZER_NUMBER_OBJECT_CONVERSION = YES_AGGRESSIVE;
				CLANG_CXX_LANGUAGE_STANDARD = "gnu++20";
				CLANG_ENABLE_MODULES = YES;
				CLANG_ENABLE_OBJC_ARC = YES;
				CLANG_ENABLE_OBJC_WEAK = YES;
				CLANG_WARN_BLOCK_CAPTURE_AUTORELEASING = YES;
				CLANG_WARN_BOOL_CONVERSION = YES;
				CLANG_WARN_COMMA = YES;
				CLANG_WARN_CONSTANT_CONVERSION = YES;
				CLANG_WARN_DEPRECATED_OBJC_IMPLEMENTATIONS = YES;
				CLANG_WARN_DIRECT_OBJC_ISA_USAGE = YES_ERROR;
				CLANG_WARN_DOCUMENTATION_COMMENTS = YES;
				CLANG_WARN_EMPTY_BODY = YES;
				CLANG_WARN_ENUM_CONVERSION = YES;
				CLANG_WARN_INFINITE_RECURSION = YES;
				CLANG_WARN_INT_CONVERSION = YES;
				CLANG_WARN_NON_LITERAL_NULL_CONVERSION = YES;
				CLANG_WARN_OBJC_IMPLICIT_RETAIN_SELF = YES;
				CLANG_WARN_OBJC_LITERAL_CONVERSION = YES;
				CLANG_WARN_OBJC_ROOT_CLASS = YES_ERROR;
				CLANG_WARN_QUOTED_INCLUDE_IN_FRAMEWORK_HEADER = YES;
				CLANG_WARN_RANGE_LOOP_ANALYSIS = YES;
				CLANG_WARN_STRICT_PROTOTYPES = YES;
				CLANG_WARN_SUSPICIOUS_MOVE = YES;
				CLANG_WARN_UNGUARDED_AVAILABILITY = YES_AGGRESSIVE;
				CLANG_WARN_UNREACHABLE_CODE = YES;
				CLANG_WARN__DUPLICATE_METHOD_MATCH = YES;
				COPY_PHASE_STRIP = NO;
				DEBUG_INFORMATION_FORMAT = dwarf;
				DEVELOPMENT_TEAM = TF8VMEJGDX;
				ENABLE_STRICT_OBJC_MSGSEND = YES;
				ENABLE_TESTABILITY = YES;
				ENABLE_USER_SCRIPT_SANDBOXING = NO;
				GCC_C_LANGUAGE_STANDARD = gnu17;
				GCC_DYNAMIC_NO_PIC = NO;
				GCC_NO_COMMON_BLOCKS = YES;
				GCC_OPTIMIZATION_LEVEL = 0;
				GCC_PREPROCESSOR_DEFINITIONS = (
					"DEBUG=1",
					"$(inherited)",
				);
				GCC_WARN_64_TO_32_BIT_CONVERSION = YES;
				GCC_WARN_ABOUT_RETURN_TYPE = YES_ERROR;
				GCC_WARN_UNDECLARED_SELECTOR = YES;
				GCC_WARN_UNINITIALIZED_AUTOS = YES_AGGRESSIVE;
				GCC_WARN_UNUSED_FUNCTION = YES;
				GCC_WARN_UNUSED_VARIABLE = YES;
				LOCALIZATION_PREFERS_STRING_CATALOGS = YES;
				MACOSX_DEPLOYMENT_TARGET = 26.1;
				MTL_ENABLE_DEBUG_INFO = INCLUDE_SOURCE;
				MTL_FAST_MATH = YES;
				ONLY_ACTIVE_ARCH = YES;
				SDKROOT = macosx;
				SWIFT_ACTIVE_COMPILATION_CONDITIONS = "DEBUG $(inherited)";
				SWIFT_OPTIMIZATION_LEVEL = "-Onone";
			};
			name = Debug;
		};
		2F4881612ECD31780032F7E0 /* Release */ = {
			isa = XCBuildConfiguration;
			buildSettings = {
				ALWAYS_SEARCH_USER_PATHS = NO;
				ASSETCATALOG_COMPILER_GENERATE_SWIFT_ASSET_SYMBOL_EXTENSIONS = YES;
				CLANG_ANALYZER_NONNULL = YES;
				CLANG_ANALYZER_NUMBER_OBJECT_CONVERSION = YES_AGGRESSIVE;
				CLANG_CXX_LANGUAGE_STANDARD = "gnu++20";
				CLANG_ENABLE_MODULES = YES;
				CLANG_ENABLE_OBJC_ARC = YES;
				CLANG_ENABLE_OBJC_WEAK = YES;
				CLANG_WARN_BLOCK_CAPTURE_AUTORELEASING = YES;
				CLANG_WARN_BOOL_CONVERSION = YES;
				CLANG_WARN_COMMA = YES;
				CLANG_WARN_CONSTANT_CONVERSION = YES;
				CLANG_WARN_DEPRECATED_OBJC_IMPLEMENTATIONS = YES;
				CLANG_WARN_DIRECT_OBJC_ISA_USAGE = YES_ERROR;
				CLANG_WARN_DOCUMENTATION_COMMENTS = YES;
				CLANG_WARN_EMPTY_BODY = YES;
				CLANG_WARN_ENUM_CONVERSION = YES;
				CLANG_WARN_INFINITE_RECURSION = YES;
				CLANG_WARN_INT_CONVERSION = YES;
				CLANG_WARN_NON_LITERAL_NULL_CONVERSION = YES;
				CLANG_WARN_OBJC_IMPLICIT_RETAIN_SELF = YES;
				CLANG_WARN_OBJC_LITERAL_CONVERSION = YES;
				CLANG_WARN_OBJC_ROOT_CLASS = YES_ERROR;
				CLANG_WARN_QUOTED_INCLUDE_IN_FRAMEWORK_HEADER = YES;
				CLANG_WARN_RANGE_LOOP_ANALYSIS = YES;
				CLANG_WARN_STRICT_PROTOTYPES = YES;
				CLANG_WARN_SUSPICIOUS_MOVE = YES;
				CLANG_WARN_UNGUARDED_AVAILABILITY = YES_AGGRESSIVE;
				CLANG_WARN_UNREACHABLE_CODE = YES;
				CLANG_WARN__DUPLICATE_METHOD_MATCH = YES;
				COPY_PHASE_STRIP = NO;
				DEBUG_INFORMATION_FORMAT = "dwarf-with-dsym";
				DEVELOPMENT_TEAM = TF8VMEJGDX;
				ENABLE_NS_ASSERTIONS = NO;
				ENABLE_STRICT_OBJC_MSGSEND = YES;
				ENABLE_USER_SCRIPT_SANDBOXING = NO;
				GCC_C_LANGUAGE_STANDARD = gnu17;
				GCC_NO_COMMON_BLOCKS = YES;
				GCC_WARN_64_TO_32_BIT_CONVERSION = YES;
				GCC_WARN_ABOUT_RETURN_TYPE = YES_ERROR;
				GCC_WARN_UNDECLARED_SELECTOR = YES;
				GCC_WARN_UNINITIALIZED_AUTOS = YES_AGGRESSIVE;
				GCC_WARN_UNUSED_FUNCTION = YES;
				GCC_WARN_UNUSED_VARIABLE = YES;
				LOCALIZATION_PREFERS_STRING_CATALOGS = YES;
				MACOSX_DEPLOYMENT_TARGET = 26.1;
				MTL_ENABLE_DEBUG_INFO = NO;
				MTL_FAST_MATH = YES;
				SDKROOT = macosx;
				SWIFT_COMPILATION_MODE = wholemodule;
			};
			name = Release;
		};
		2F4881632ECD31780032F7E0 /* Debug */ = {
			isa = XCBuildConfiguration;
			buildSettings = {
				ASSETCATALOG_COMPILER_APPICON_NAME = AppIcon;
				ASSETCATALOG_COMPILER_GLOBAL_ACCENT_COLOR_NAME = AccentColor;
				CODE_SIGN_STYLE = Automatic;
				COMBINE_HIDPI_IMAGES = YES;
				CURRENT_PROJECT_VERSION = 1;
				DEVELOPMENT_TEAM = TF8VMEJGDX;
				ENABLE_APP_SANDBOX = NO;
				ENABLE_HARDENED_RUNTIME = NO;
				ENABLE_PREVIEWS = YES;
				ENABLE_USER_SELECTED_FILES = readonly;
				GENERATE_INFOPLIST_FILE = YES;
				HEADER_SEARCH_PATHS = "$(PROJECT_DIR)/onnxruntime-osx-universal2-1.16.3/include";
				INFOPLIST_KEY_NSHumanReadableCopyright = "";
				LD_RUNPATH_SEARCH_PATHS = (
					"$(inherited)",
					"@executable_path/../Frameworks",
					"@loader_path/../Frameworks",
					"$(PROJECT_DIR)/onnxruntime-osx-universal2-1.16.3/lib",
				);
				LIBRARY_SEARCH_PATHS = "$(PROJECT_DIR)/onnxruntime-osx-universal2-1.16.3/lib";
				MARKETING_VERSION = 1.0;
				OTHER_LDFLAGS = "-lonnxruntime.1.16.3";
				PRODUCT_BUNDLE_IDENTIFIER = com.mobworx.mels;
				PRODUCT_NAME = "$(TARGET_NAME)";
				REGISTER_APP_GROUPS = YES;
				STRING_CATALOG_GENERATE_SYMBOLS = YES;
				SWIFT_APPROACHABLE_CONCURRENCY = YES;
				SWIFT_DEFAULT_ACTOR_ISOLATION = MainActor;
				SWIFT_EMIT_LOC_STRINGS = YES;
				SWIFT_OBJC_BRIDGING_HEADER = "mels/mels-Bridging-Header.h";
				SWIFT_UPCOMING_FEATURE_MEMBER_IMPORT_VISIBILITY = YES;
				SWIFT_VERSION = 5.0;
			};
			name = Debug;
		};
		2F4881642ECD31780032F7E0 /* Release */ = {
			isa = XCBuildConfiguration;
			buildSettings = {
				ASSETCATALOG_COMPILER_APPICON_NAME = AppIcon;
				ASSETCATALOG_COMPILER_GLOBAL_ACCENT_COLOR_NAME = AccentColor;
				CODE_SIGN_STYLE = Automatic;
				COMBINE_HIDPI_IMAGES = YES;
				CURRENT_PROJECT_VERSION = 1;
				DEVELOPMENT_TEAM = TF8VMEJGDX;
				ENABLE_APP_SANDBOX = NO;
				ENABLE_HARDENED_RUNTIME = NO;
				ENABLE_PREVIEWS = YES;
				ENABLE_USER_SELECTED_FILES = readonly;
				GENERATE_INFOPLIST_FILE = YES;
				HEADER_SEARCH_PATHS = "$(PROJECT_DIR)/onnxruntime-osx-universal2-1.16.3/include";
				INFOPLIST_KEY_NSHumanReadableCopyright = "";
				LD_RUNPATH_SEARCH_PATHS = (
					"$(inherited)",
					"@executable_path/../Frameworks",
					"@loader_path/../Frameworks",
					"$(PROJECT_DIR)/onnxruntime-osx-universal2-1.16.3/lib",
				);
				LIBRARY_SEARCH_PATHS = "$(PROJECT_DIR)/onnxruntime-osx-universal2-1.16.3/lib";
				MARKETING_VERSION = 1.0;
				OTHER_LDFLAGS = "-lonnxruntime.1.16.3";
				PRODUCT_BUNDLE_IDENTIFIER = com.mobworx.mels;
				PRODUCT_NAME = "$(TARGET_NAME)";
				REGISTER_APP_GROUPS = YES;
				STRING_CATALOG_GENERATE_SYMBOLS = YES;
				SWIFT_APPROACHABLE_CONCURRENCY = YES;
				SWIFT_DEFAULT_ACTOR_ISOLATION = MainActor;
				SWIFT_EMIT_LOC_STRINGS = YES;
				SWIFT_OBJC_BRIDGING_HEADER = "mels/mels-Bridging-Header.h";
				SWIFT_UPCOMING_FEATURE_MEMBER_IMPORT_VISIBILITY = YES;
				SWIFT_VERSION = 5.0;
			};
			name = Release;
		};
		2F4881662ECD31780032F7E0 /* Debug */ = {
			isa = XCBuildConfiguration;
			buildSettings = {
				BUNDLE_LOADER = "$(TEST_HOST)";
				CODE_SIGN_STYLE = Automatic;
				CURRENT_PROJECT_VERSION = 1;
				DEVELOPMENT_TEAM = TF8VMEJGDX;
				GENERATE_INFOPLIST_FILE = YES;
				MACOSX_DEPLOYMENT_TARGET = 26.1;
				MARKETING_VERSION = 1.0;
				PRODUCT_BUNDLE_IDENTIFIER = com.mobworx.melsTests;
				PRODUCT_NAME = "$(TARGET_NAME)";
				STRING_CATALOG_GENERATE_SYMBOLS = NO;
				SWIFT_APPROACHABLE_CONCURRENCY = YES;
				SWIFT_EMIT_LOC_STRINGS = NO;
				SWIFT_UPCOMING_FEATURE_MEMBER_IMPORT_VISIBILITY = YES;
				SWIFT_VERSION = 5.0;
				TEST_HOST = "$(BUILT_PRODUCTS_DIR)/mels.app/$(BUNDLE_EXECUTABLE_FOLDER_PATH)/mels";
			};
			name = Debug;
		};
		2F4881672ECD31780032F7E0 /* Release */ = {
			isa = XCBuildConfiguration;
			buildSettings = {
				BUNDLE_LOADER = "$(TEST_HOST)";
				CODE_SIGN_STYLE = Automatic;
				CURRENT_PROJECT_VERSION = 1;
				DEVELOPMENT_TEAM = TF8VMEJGDX;
				GENERATE_INFOPLIST_FILE = YES;
				MACOSX_DEPLOYMENT_TARGET = 26.1;
				MARKETING_VERSION = 1.0;
				PRODUCT_BUNDLE_IDENTIFIER = com.mobworx.melsTests;
				PRODUCT_NAME = "$(TARGET_NAME)";
				STRING_CATALOG_GENERATE_SYMBOLS = NO;
				SWIFT_APPROACHABLE_CONCURRENCY = YES;
				SWIFT_EMIT_LOC_STRINGS = NO;
				SWIFT_UPCOMING_FEATURE_MEMBER_IMPORT_VISIBILITY = YES;
				SWIFT_VERSION = 5.0;
				TEST_HOST = "$(BUILT_PRODUCTS_DIR)/mels.app/$(BUNDLE_EXECUTABLE_FOLDER_PATH)/mels";
			};
			name = Release;
		};
		2F4881692ECD31780032F7E0 /* Debug */ = {
			isa = XCBuildConfiguration;
			buildSettings = {
				CODE_SIGN_STYLE = Automatic;
				CURRENT_PROJECT_VERSION = 1;
				DEVELOPMENT_TEAM = TF8VMEJGDX;
				GENERATE_INFOPLIST_FILE = YES;
				MARKETING_VERSION = 1.0;
				PRODUCT_BUNDLE_IDENTIFIER = com.mobworx.melsUITests;
				PRODUCT_NAME = "$(TARGET_NAME)";
				STRING_CATALOG_GENERATE_SYMBOLS = NO;
				SWIFT_APPROACHABLE_CONCURRENCY = YES;
				SWIFT_EMIT_LOC_STRINGS = NO;
				SWIFT_UPCOMING_FEATURE_MEMBER_IMPORT_VISIBILITY = YES;
				SWIFT_VERSION = 5.0;
				TEST_TARGET_NAME = mels;
			};
			name = Debug;
		};
		2F48816A2ECD31780032F7E0 /* Release */ = {
			isa = XCBuildConfiguration;
			buildSettings = {
				CODE_SIGN_STYLE = Automatic;
				CURRENT_PROJECT_VERSION = 1;
				DEVELOPMENT_TEAM = TF8VMEJGDX;
				GENERATE_INFOPLIST_FILE = YES;
				MARKETING_VERSION = 1.0;
				PRODUCT_BUNDLE_IDENTIFIER = com.mobworx.melsUITests;
				PRODUCT_NAME = "$(TARGET_NAME)";
				STRING_CATALOG_GENERATE_SYMBOLS = NO;
				SWIFT_APPROACHABLE_CONCURRENCY = YES;
				SWIFT_EMIT_LOC_STRINGS = NO;
				SWIFT_UPCOMING_FEATURE_MEMBER_IMPORT_VISIBILITY = YES;
				SWIFT_VERSION = 5.0;
				TEST_TARGET_NAME = mels;
			};
			name = Release;
		};
/* End XCBuildConfiguration section */

/* Begin XCConfigurationList section */
		2F48813C2ECD31770032F7E0 /* Build configuration list for PBXProject "mels" */ = {
			isa = XCConfigurationList;
			buildConfigurations = (
				2F4881602ECD31780032F7E0 /* Debug */,
				2F4881612ECD31780032F7E0 /* Release */,
			);
			defaultConfigurationIsVisible = 0;
			defaultConfigurationName = Release;
		};
		2F4881622ECD31780032F7E0 /* Build configuration list for PBXNativeTarget "mels" */ = {
			isa = XCConfigurationList;
			buildConfigurations = (
				2F4881632ECD31780032F7E0 /* Debug */,
				2F4881642ECD31780032F7E0 /* Release */,
			);
			defaultConfigurationIsVisible = 0;
			defaultConfigurationName = Release;
		};
		2F4881652ECD31780032F7E0 /* Build configuration list for PBXNativeTarget "melsTests" */ = {
			isa = XCConfigurationList;
			buildConfigurations = (
				2F4881662ECD31780032F7E0 /* Debug */,
				2F4881672ECD31780032F7E0 /* Release */,
			);
			defaultConfigurationIsVisible = 0;
			defaultConfigurationName = Release;
		};
		2F4881682ECD31780032F7E0 /* Build configuration list for PBXNativeTarget "melsUITests" */ = {
			isa = XCConfigurationList;
			buildConfigurations = (
				2F4881692ECD31780032F7E0 /* Debug */,
				2F48816A2ECD31780032F7E0 /* Release */,
			);
			defaultConfigurationIsVisible = 0;
			defaultConfigurationName = Release;
		};
/* End XCConfigurationList section */
	};
	rootObject = 2F4881392ECD31770032F7E0 /* Project object */;
}
